
Microsoft Visual Studio Solution File, Format Version 12.00
# Visual Studio Version 17
VisualStudioVersion = 17.13.35919.96 d17.13
MinimumVisualStudioVersion = 10.0.40219.1
Project("{8BC9CEB8-8B4A-11D0-8D11-00A0C91BC942}") = "sStartingCellFix", "sStartingCellFix.vcxproj", "{2C51E72D-2F5C-43E9-9165-DD188F1504E5}"
EndProject
Global
	GlobalSection(SolutionConfigurationPlatforms) = preSolution
		Debug|x64 = Debug|x64
		Release|x64 = Release|x64
	EndGlobalSection
	GlobalSection(ProjectConfigurationPlatforms) = postSolution
		{2C51E72D-2F5C-43E9-9165-DD188F1504E5}.Debug|x64.ActiveCfg = Debug|x64
		{2C51E72D-2F5C-43E9-9165-DD188F1504E5}.Debug|x64.Build.0 = Debug|x64
		{2C51E72D-2F5C-43E9-9165-DD188F1504E5}.Release|x64.ActiveCfg = Release|x64
		{2C51E72D-2F5C-43E9-9165-DD188F1504E5}.Release|x64.Build.0 = Release|x64
	EndGlobalSection
	GlobalSection(SolutionProperties) = preSolution
		HideSolutionNode = FALSE
	EndGlobalSection
	GlobalSection(ExtensibilityGlobals) = postSolution
		SolutionGuid = {3DBB83AD-C6EE-475F-98EB-56DBA11B9C71}
	EndGlobalSection
EndGlobal
